
Microsoft Visual Studio Solution File, Format Version 12.00
# Visual Studio Version 17
VisualStudioVersion = 17.12.35506.116
MinimumVisualStudioVersion = 10.0.40219.1
Project("{2150E333-8FDC-42A3-9474-1A3956D46DE8}") = "方案項目", "方案項目", "{F4C12335-A470-46CB-BAC8-E57F3825F741}"
	ProjectSection(SolutionItems) = preProject
		nuget.config = nuget.config
	EndProjectSection
EndProject
Project("{FAE04EC0-301F-11D3-BF4B-00C04F79EFBC}") = "Dtvl.Pvs.Wiki", "Dtvl.Pvs.Wiki\Dtvl.Pvs.Wiki.csproj", "{3C757041-FAAE-46BE-978E-B7C66DE79946}"
EndProject
Project("{FAE04EC0-301F-11D3-BF4B-00C04F79EFBC}") = "Dtvl.Pvs", "Dtvl.Pvs\Dtvl.Pvs.csproj", "{D976893C-B340-438D-8901-42BDE83AB52C}"
EndProject
Global
	GlobalSection(SolutionConfigurationPlatforms) = preSolution
		Debug|Any CPU = Debug|Any CPU
		Release|Any CPU = Release|Any CPU
	EndGlobalSection
	GlobalSection(ProjectConfigurationPlatforms) = postSolution
		{3C757041-FAAE-46BE-978E-B7C66DE79946}.Debug|Any CPU.ActiveCfg = Debug|Any CPU
		{3C757041-FAAE-46BE-978E-B7C66DE79946}.Debug|Any CPU.Build.0 = Debug|Any CPU
		{3C757041-FAAE-46BE-978E-B7C66DE79946}.Release|Any CPU.ActiveCfg = Release|Any CPU
		{3C757041-FAAE-46BE-978E-B7C66DE79946}.Release|Any CPU.Build.0 = Release|Any CPU
		{D976893C-B340-438D-8901-42BDE83AB52C}.Debug|Any CPU.ActiveCfg = Debug|Any CPU
		{D976893C-B340-438D-8901-42BDE83AB52C}.Debug|Any CPU.Build.0 = Debug|Any CPU
		{D976893C-B340-438D-8901-42BDE83AB52C}.Release|Any CPU.ActiveCfg = Release|Any CPU
		{D976893C-B340-438D-8901-42BDE83AB52C}.Release|Any CPU.Build.0 = Release|Any CPU
	EndGlobalSection
	GlobalSection(SolutionProperties) = preSolution
		HideSolutionNode = FALSE
	EndGlobalSection
EndGlobal
